<?xml version="1.0" encoding="utf-8"?>
<Project ToolsVersion="4.0" xmlns="http://schemas.microsoft.com/developer/msbuild/2003">
  <ItemGroup>
    <Filter Include="Source Files">
      <UniqueIdentifier>{4FC737F1-C7A5-4376-A066-2A32D752A2FF}</UniqueIdentifier>
      <Extensions>cpp;c;cc;cxx;def;odl;idl;hpj;bat;asm;asmx</Extensions>
    </Filter>
    <Filter Include="Header Files">
      <UniqueIdentifier>{93995380-89BD-4b04-88EB-625FBE52EBFB}</UniqueIdentifier>
      <Extensions>h;hh;hpp;hxx;hm;inl;inc;ipp;xsd</Extensions>
    </Filter>
    <Filter Include="Resource Files">
      <UniqueIdentifier>{67DA6AB6-F800-4c08-8B7A-83BB121AAD01}</UniqueIdentifier>
      <Extensions>rc;ico;cur;bmp;dlg;rc2;rct;bin;rgs;gif;jpg;jpeg;jpe;resx;tiff;tif;png;wav;mfcribbon-ms</Extensions>
    </Filter>
    <Filter Include="Source Files\InsertingData">
      <UniqueIdentifier>{7e96e05d-d244-44c4-b8cc-4b844c816fff}</UniqueIdentifier>
    </Filter>
    <Filter Include="Source Files\AuxiliarFunctions">
      <UniqueIdentifier>{c123bc0b-a8a0-4093-ad21-461e06fea1e0}</UniqueIdentifier>
    </Filter>
  </ItemGroup>
  <ItemGroup>
    <ClInclude Include="Insertions.h">
      <Filter>Header Files</Filter>
    </ClInclude>
  </ItemGroup>
  <ItemGroup>
    <ClCompile Include="main.c">
      <Filter>Source Files</Filter>
    </ClCompile>
    <ClCompile Include="CreateExcelFile.c">
      <Filter>Source Files\InsertingData</Filter>
    </ClCompile>
    <ClCompile Include="Validations.c">
      <Filter>Source Files\InsertingData</Filter>
    </ClCompile>
    <ClCompile Include="ExpensesList.c">
      <Filter>Source Files\InsertingData</Filter>
    </ClCompile>
    <ClCompile Include="IncomesList.c">
      <Filter>Source Files\InsertingData</Filter>
    </ClCompile>
    <ClCompile Include="InsertExpenses.c">
      <Filter>Source Files\InsertingData</Filter>
    </ClCompile>
    <ClCompile Include="FormatDate.c">
      <Filter>Source Files\AuxiliarFunctions</Filter>
    </ClCompile>
    <ClCompile Include="CountingEnters.c">
      <Filter>Source Files\AuxiliarFunctions</Filter>
    </ClCompile>
  </ItemGroup>
</Project>